{
  "nodes": {
    "nixpkgs": {
      "locked": {
        "lastModified": 1601640588,
        "narHash": "sha256-EKCgoeOA5i3DQQx2lfyzvjwCiklnSCXsnHzh9gg1AD4=",
        "owner": "serokell",
        "repo": "nixpkgs",
        "rev": "1e22f7603d223a67e7cd219939e1c1042419ff24",
        "type": "github"
      },
      "original": {
        "owner": "serokell",
        "repo": "nixpkgs",
        "type": "github"
      }
    },
    "root": {
      "inputs": {
        "nixpkgs": "nixpkgs"
      }
    }
  },
  "root": "root",
  "version": 7
}
