{
  "nodes": {
    "nixpkgs": {
      "locked": {
        "lastModified": 1622223326,
        "narHash": "sha256-kVb9eGqc+JLENFcctmPyQml1y0xZqvBnykT5niwy/js=",
        "owner": "serokell",
        "repo": "nixpkgs",
        "rev": "cf67659f17ba891def51bd718b2722a4065fcda3",
        "type": "github"
      },
      "original": {
        "owner": "serokell",
        "repo": "nixpkgs",
        "type": "github"
      }
    },
    "root": {
      "inputs": {
        "nixpkgs": "nixpkgs"
      }
    }
  },
  "root": "root",
  "version": 7
}
